
Microsoft Visual Studio Solution File, Format Version 12.00
# Visual Studio Version 17
VisualStudioVersion = 17.10.35027.167
MinimumVisualStudioVersion = 10.0.40219.1
Project("{FAE04EC0-301F-11D3-BF4B-00C04F79EFBC}") = "GameCollectionManagement", "GameCollectionManagement\GameCollectionManagement.csproj", "{295DA284-1D49-4F68-9E21-933421840585}"
EndProject
Global
	GlobalSection(SolutionConfigurationPlatforms) = preSolution
		Debug|Any CPU = Debug|Any CPU
		Release|Any CPU = Release|Any CPU
	EndGlobalSection
	GlobalSection(ProjectConfigurationPlatforms) = postSolution
		{295DA284-1D49-4F68-9E21-933421840585}.Debug|Any CPU.ActiveCfg = Debug|Any CPU
		{295DA284-1D49-4F68-9E21-933421840585}.Debug|Any CPU.Build.0 = Debug|Any CPU
		{295DA284-1D49-4F68-9E21-933421840585}.Release|Any CPU.ActiveCfg = Release|Any CPU
		{295DA284-1D49-4F68-9E21-933421840585}.Release|Any CPU.Build.0 = Release|Any CPU
	EndGlobalSection
	GlobalSection(SolutionProperties) = preSolution
		HideSolutionNode = FALSE
	EndGlobalSection
	GlobalSection(ExtensibilityGlobals) = postSolution
		SolutionGuid = {FA3E66F5-4A09-4EA9-91F5-6188D25A69CE}
	EndGlobalSection
EndGlobal
